
Microsoft Visual Studio Solution File, Format Version 12.00
# Visual Studio Version 17
VisualStudioVersion = 17.12.35728.132
MinimumVisualStudioVersion = 10.0.40219.1
Project("{FAE04EC0-301F-11D3-BF4B-00C04F79EFBC}") = "OSControl.Domain", "OSControl.Domain\OSControl.Domain.csproj", "{DEC1B81B-A668-4692-B86A-CFDA172553A3}"
EndProject
Project("{FAE04EC0-301F-11D3-BF4B-00C04F79EFBC}") = "OSControl.Application", "OSControl.Application\OSControl.Application.csproj", "{E80886B4-8F97-4B30-972F-159D362ACF91}"
EndProject
Project("{FAE04EC0-301F-11D3-BF4B-00C04F79EFBC}") = "OSControl.API", "OSControl.API\OSControl.API.csproj", "{27CD93B0-F0A5-4663-9F8A-91F7F0780431}"
EndProject
Project("{FAE04EC0-301F-11D3-BF4B-00C04F79EFBC}") = "OSControl.Infrastructure", "OSControl.Infrastructure\OSControl.Infrastructure.csproj", "{529A267A-F30C-4E1E-BB85-53DB9C17F68A}"
EndProject
Project("{FAE04EC0-301F-11D3-BF4B-00C04F79EFBC}") = "OSControl.IoC", "OSControl.IoC\OSControl.IoC.csproj", "{977B81C8-C2FB-4870-ADEE-019787F6AA63}"
EndProject
Global
	GlobalSection(SolutionConfigurationPlatforms) = preSolution
		Debug|Any CPU = Debug|Any CPU
		Release|Any CPU = Release|Any CPU
	EndGlobalSection
	GlobalSection(ProjectConfigurationPlatforms) = postSolution
		{DEC1B81B-A668-4692-B86A-CFDA172553A3}.Debug|Any CPU.ActiveCfg = Debug|Any CPU
		{DEC1B81B-A668-4692-B86A-CFDA172553A3}.Debug|Any CPU.Build.0 = Debug|Any CPU
		{DEC1B81B-A668-4692-B86A-CFDA172553A3}.Release|Any CPU.ActiveCfg = Release|Any CPU
		{DEC1B81B-A668-4692-B86A-CFDA172553A3}.Release|Any CPU.Build.0 = Release|Any CPU
		{E80886B4-8F97-4B30-972F-159D362ACF91}.Debug|Any CPU.ActiveCfg = Debug|Any CPU
		{E80886B4-8F97-4B30-972F-159D362ACF91}.Debug|Any CPU.Build.0 = Debug|Any CPU
		{E80886B4-8F97-4B30-972F-159D362ACF91}.Release|Any CPU.ActiveCfg = Release|Any CPU
		{E80886B4-8F97-4B30-972F-159D362ACF91}.Release|Any CPU.Build.0 = Release|Any CPU
		{27CD93B0-F0A5-4663-9F8A-91F7F0780431}.Debug|Any CPU.ActiveCfg = Debug|Any CPU
		{27CD93B0-F0A5-4663-9F8A-91F7F0780431}.Debug|Any CPU.Build.0 = Debug|Any CPU
		{27CD93B0-F0A5-4663-9F8A-91F7F0780431}.Release|Any CPU.ActiveCfg = Release|Any CPU
		{27CD93B0-F0A5-4663-9F8A-91F7F0780431}.Release|Any CPU.Build.0 = Release|Any CPU
		{529A267A-F30C-4E1E-BB85-53DB9C17F68A}.Debug|Any CPU.ActiveCfg = Debug|Any CPU
		{529A267A-F30C-4E1E-BB85-53DB9C17F68A}.Debug|Any CPU.Build.0 = Debug|Any CPU
		{529A267A-F30C-4E1E-BB85-53DB9C17F68A}.Release|Any CPU.ActiveCfg = Release|Any CPU
		{529A267A-F30C-4E1E-BB85-53DB9C17F68A}.Release|Any CPU.Build.0 = Release|Any CPU
		{977B81C8-C2FB-4870-ADEE-019787F6AA63}.Debug|Any CPU.ActiveCfg = Debug|Any CPU
		{977B81C8-C2FB-4870-ADEE-019787F6AA63}.Debug|Any CPU.Build.0 = Debug|Any CPU
		{977B81C8-C2FB-4870-ADEE-019787F6AA63}.Release|Any CPU.ActiveCfg = Release|Any CPU
		{977B81C8-C2FB-4870-ADEE-019787F6AA63}.Release|Any CPU.Build.0 = Release|Any CPU
	EndGlobalSection
	GlobalSection(SolutionProperties) = preSolution
		HideSolutionNode = FALSE
	EndGlobalSection
EndGlobal
